
Microsoft Visual Studio Solution File, Format Version 12.00
# Visual Studio 14
VisualStudioVersion = 14.0.23107.0
MinimumVisualStudioVersion = 10.0.40219.1
Project("{FAE04EC0-301F-11D3-BF4B-00C04F79EFBC}") = "Z01", "OOP.Net Vjezbe\Z01.csproj", "{022B2411-85BF-4EBB-87DF-4A4462C31A5D}"
EndProject
Project("{2150E333-8FDC-42A3-9474-1A3956D46DE8}") = "Vjezbe 01", "Vjezbe 01", "{F65B1FD4-182E-433A-BB23-87E64435C79E}"
EndProject
Project("{2150E333-8FDC-42A3-9474-1A3956D46DE8}") = "Zadatak 02", "Zadatak 02", "{0D4385A6-D33B-4CEE-9894-DC38087F0AE5}"
EndProject
Project("{FAE04EC0-301F-11D3-BF4B-00C04F79EFBC}") = "Zadatak 02", "Zadatak 02\Zadatak 02.csproj", "{278A2B07-E054-4D05-9385-D1A7513E9C8A}"
EndProject
Project("{2150E333-8FDC-42A3-9474-1A3956D46DE8}") = "Zadatak 08", "Zadatak 08", "{829006CE-F49C-4957-86E3-993BCE7E6089}"
EndProject
Project("{FAE04EC0-301F-11D3-BF4B-00C04F79EFBC}") = "Zadatak 08", "Zadatak 08\Zadatak 08.csproj", "{900CDFB9-3900-4BC5-8313-651082D4F21D}"
EndProject
Project("{2150E333-8FDC-42A3-9474-1A3956D46DE8}") = "Zadatak 05", "Zadatak 05", "{F5CFDCE8-3657-4FB8-8B2E-8511DBF3794B}"
EndProject
Project("{FAE04EC0-301F-11D3-BF4B-00C04F79EFBC}") = "Zadatak05", "Zadatak05\Zadatak05.csproj", "{2E9821E1-D9B0-4526-A1B6-FF318A4A6AB7}"
EndProject
Project("{2150E333-8FDC-42A3-9474-1A3956D46DE8}") = "Zadatak 06", "Zadatak 06", "{E4385741-4704-4717-BB8F-1335B34CFAFB}"
EndProject
Project("{FAE04EC0-301F-11D3-BF4B-00C04F79EFBC}") = "Zadatak 06", "Zadatak 06\Zadatak 06.csproj", "{04D126A1-9A9D-498B-8DBC-8D5A66785171}"
EndProject
Project("{FAE04EC0-301F-11D3-BF4B-00C04F79EFBC}") = "Util", "Utili\Util.csproj", "{B686172A-A38F-49A0-BCAE-DC160C2029E0}"
EndProject
Project("{2150E333-8FDC-42A3-9474-1A3956D46DE8}") = "Zadatak 03 04", "Zadatak 03 04", "{BFC96906-A489-4E15-A967-217CAD2E0A37}"
EndProject
Project("{FAE04EC0-301F-11D3-BF4B-00C04F79EFBC}") = "Zadatak 03", "Zadatak 03\Zadatak 03.csproj", "{DA2A33A3-9D1D-4ADF-9A49-4E82D13369EF}"
EndProject
Global
	GlobalSection(SolutionConfigurationPlatforms) = preSolution
		Debug|Any CPU = Debug|Any CPU
		Release|Any CPU = Release|Any CPU
	EndGlobalSection
	GlobalSection(ProjectConfigurationPlatforms) = postSolution
		{022B2411-85BF-4EBB-87DF-4A4462C31A5D}.Debug|Any CPU.ActiveCfg = Debug|Any CPU
		{022B2411-85BF-4EBB-87DF-4A4462C31A5D}.Debug|Any CPU.Build.0 = Debug|Any CPU
		{022B2411-85BF-4EBB-87DF-4A4462C31A5D}.Release|Any CPU.ActiveCfg = Release|Any CPU
		{022B2411-85BF-4EBB-87DF-4A4462C31A5D}.Release|Any CPU.Build.0 = Release|Any CPU
		{278A2B07-E054-4D05-9385-D1A7513E9C8A}.Debug|Any CPU.ActiveCfg = Debug|Any CPU
		{278A2B07-E054-4D05-9385-D1A7513E9C8A}.Debug|Any CPU.Build.0 = Debug|Any CPU
		{278A2B07-E054-4D05-9385-D1A7513E9C8A}.Release|Any CPU.ActiveCfg = Release|Any CPU
		{278A2B07-E054-4D05-9385-D1A7513E9C8A}.Release|Any CPU.Build.0 = Release|Any CPU
		{900CDFB9-3900-4BC5-8313-651082D4F21D}.Debug|Any CPU.ActiveCfg = Debug|Any CPU
		{900CDFB9-3900-4BC5-8313-651082D4F21D}.Debug|Any CPU.Build.0 = Debug|Any CPU
		{900CDFB9-3900-4BC5-8313-651082D4F21D}.Release|Any CPU.ActiveCfg = Release|Any CPU
		{900CDFB9-3900-4BC5-8313-651082D4F21D}.Release|Any CPU.Build.0 = Release|Any CPU
		{2E9821E1-D9B0-4526-A1B6-FF318A4A6AB7}.Debug|Any CPU.ActiveCfg = Debug|Any CPU
		{2E9821E1-D9B0-4526-A1B6-FF318A4A6AB7}.Debug|Any CPU.Build.0 = Debug|Any CPU
		{2E9821E1-D9B0-4526-A1B6-FF318A4A6AB7}.Release|Any CPU.ActiveCfg = Release|Any CPU
		{2E9821E1-D9B0-4526-A1B6-FF318A4A6AB7}.Release|Any CPU.Build.0 = Release|Any CPU
		{04D126A1-9A9D-498B-8DBC-8D5A66785171}.Debug|Any CPU.ActiveCfg = Debug|Any CPU
		{04D126A1-9A9D-498B-8DBC-8D5A66785171}.Debug|Any CPU.Build.0 = Debug|Any CPU
		{04D126A1-9A9D-498B-8DBC-8D5A66785171}.Release|Any CPU.ActiveCfg = Release|Any CPU
		{04D126A1-9A9D-498B-8DBC-8D5A66785171}.Release|Any CPU.Build.0 = Release|Any CPU
		{B686172A-A38F-49A0-BCAE-DC160C2029E0}.Debug|Any CPU.ActiveCfg = Debug|Any CPU
		{B686172A-A38F-49A0-BCAE-DC160C2029E0}.Debug|Any CPU.Build.0 = Debug|Any CPU
		{B686172A-A38F-49A0-BCAE-DC160C2029E0}.Release|Any CPU.ActiveCfg = Release|Any CPU
		{B686172A-A38F-49A0-BCAE-DC160C2029E0}.Release|Any CPU.Build.0 = Release|Any CPU
		{DA2A33A3-9D1D-4ADF-9A49-4E82D13369EF}.Debug|Any CPU.ActiveCfg = Debug|Any CPU
		{DA2A33A3-9D1D-4ADF-9A49-4E82D13369EF}.Debug|Any CPU.Build.0 = Debug|Any CPU
		{DA2A33A3-9D1D-4ADF-9A49-4E82D13369EF}.Release|Any CPU.ActiveCfg = Release|Any CPU
		{DA2A33A3-9D1D-4ADF-9A49-4E82D13369EF}.Release|Any CPU.Build.0 = Release|Any CPU
	EndGlobalSection
	GlobalSection(SolutionProperties) = preSolution
		HideSolutionNode = FALSE
	EndGlobalSection
	GlobalSection(NestedProjects) = preSolution
		{022B2411-85BF-4EBB-87DF-4A4462C31A5D} = {F65B1FD4-182E-433A-BB23-87E64435C79E}
		{0D4385A6-D33B-4CEE-9894-DC38087F0AE5} = {F65B1FD4-182E-433A-BB23-87E64435C79E}
		{278A2B07-E054-4D05-9385-D1A7513E9C8A} = {0D4385A6-D33B-4CEE-9894-DC38087F0AE5}
		{829006CE-F49C-4957-86E3-993BCE7E6089} = {F65B1FD4-182E-433A-BB23-87E64435C79E}
		{900CDFB9-3900-4BC5-8313-651082D4F21D} = {829006CE-F49C-4957-86E3-993BCE7E6089}
		{F5CFDCE8-3657-4FB8-8B2E-8511DBF3794B} = {F65B1FD4-182E-433A-BB23-87E64435C79E}
		{2E9821E1-D9B0-4526-A1B6-FF318A4A6AB7} = {F5CFDCE8-3657-4FB8-8B2E-8511DBF3794B}
		{E4385741-4704-4717-BB8F-1335B34CFAFB} = {F65B1FD4-182E-433A-BB23-87E64435C79E}
		{04D126A1-9A9D-498B-8DBC-8D5A66785171} = {E4385741-4704-4717-BB8F-1335B34CFAFB}
		{BFC96906-A489-4E15-A967-217CAD2E0A37} = {F65B1FD4-182E-433A-BB23-87E64435C79E}
		{DA2A33A3-9D1D-4ADF-9A49-4E82D13369EF} = {BFC96906-A489-4E15-A967-217CAD2E0A37}
	EndGlobalSection
EndGlobal
